
Microsoft Visual Studio Solution File, Format Version 12.00
# Visual Studio Version 17
VisualStudioVersion = 17.14.36221.1 d17.14
MinimumVisualStudioVersion = 10.0.40219.1
Project("{FAE04EC0-301F-11D3-BF4B-00C04F79EFBC}") = "TodoProject", "TodoProject\TodoProject.csproj", "{6AAC8BCA-EB7E-4A06-84F5-73F160F23554}"
EndProject
Global
	GlobalSection(SolutionConfigurationPlatforms) = preSolution
		Debug|Any CPU = Debug|Any CPU
		Release|Any CPU = Release|Any CPU
	EndGlobalSection
	GlobalSection(ProjectConfigurationPlatforms) = postSolution
		{6AAC8BCA-EB7E-4A06-84F5-73F160F23554}.Debug|Any CPU.ActiveCfg = Debug|Any CPU
		{6AAC8BCA-EB7E-4A06-84F5-73F160F23554}.Debug|Any CPU.Build.0 = Debug|Any CPU
		{6AAC8BCA-EB7E-4A06-84F5-73F160F23554}.Release|Any CPU.ActiveCfg = Release|Any CPU
		{6AAC8BCA-EB7E-4A06-84F5-73F160F23554}.Release|Any CPU.Build.0 = Release|Any CPU
	EndGlobalSection
	GlobalSection(SolutionProperties) = preSolution
		HideSolutionNode = FALSE
	EndGlobalSection
	GlobalSection(ExtensibilityGlobals) = postSolution
		SolutionGuid = {88BC5BB1-F6EA-4DE0-B4C2-D2559C48EB96}
	EndGlobalSection
EndGlobal
